
Microsoft Visual Studio Solution File, Format Version 12.00
# Visual Studio Version 17
VisualStudioVersion = 17.4.33205.214
MinimumVisualStudioVersion = 10.0.40219.1
Project("{9A19103F-16F7-4668-BE54-9A1E7A4F7556}") = "Elevators", "Elevators\Elevators.csproj", "{93A1A758-2199-49E7-AEA6-F3F7EC5F7718}"
EndProject
Project("{FAE04EC0-301F-11D3-BF4B-00C04F79EFBC}") = "Elevators.Tests", "Elevators.Tests\Elevators.Tests.csproj", "{2AE18A59-7693-4C69-B931-7B0D8B92C0CB}"
EndProject
Global
	GlobalSection(SolutionConfigurationPlatforms) = preSolution
		Debug|Any CPU = Debug|Any CPU
		Release|Any CPU = Release|Any CPU
	EndGlobalSection
	GlobalSection(ProjectConfigurationPlatforms) = postSolution
		{93A1A758-2199-49E7-AEA6-F3F7EC5F7718}.Debug|Any CPU.ActiveCfg = Debug|Any CPU
		{93A1A758-2199-49E7-AEA6-F3F7EC5F7718}.Debug|Any CPU.Build.0 = Debug|Any CPU
		{93A1A758-2199-49E7-AEA6-F3F7EC5F7718}.Release|Any CPU.ActiveCfg = Release|Any CPU
		{93A1A758-2199-49E7-AEA6-F3F7EC5F7718}.Release|Any CPU.Build.0 = Release|Any CPU
		{2AE18A59-7693-4C69-B931-7B0D8B92C0CB}.Debug|Any CPU.ActiveCfg = Debug|Any CPU
		{2AE18A59-7693-4C69-B931-7B0D8B92C0CB}.Debug|Any CPU.Build.0 = Debug|Any CPU
		{2AE18A59-7693-4C69-B931-7B0D8B92C0CB}.Release|Any CPU.ActiveCfg = Release|Any CPU
		{2AE18A59-7693-4C69-B931-7B0D8B92C0CB}.Release|Any CPU.Build.0 = Release|Any CPU
	EndGlobalSection
	GlobalSection(SolutionProperties) = preSolution
		HideSolutionNode = FALSE
	EndGlobalSection
	GlobalSection(ExtensibilityGlobals) = postSolution
		SolutionGuid = {39B49B3D-E085-444D-AC7F-EE9EF74B3BD3}
	EndGlobalSection
EndGlobal
